// !$*UTF8*$!
{
	archiveVersion = 1;
	classes = {
	};
	objectVersion = 50;
	objects = {

/* Begin PBXBuildFile section */
		351417A8228CE1A300046A84 /* AppDelegate.swift in Sources */ = {isa = PBXBuildFile; fileRef = 351417A7228CE1A300046A84 /* AppDelegate.swift */; };
		351417AD228CE1A300046A84 /* Main.storyboard in Resources */ = {isa = PBXBuildFile; fileRef = 351417AB228CE1A300046A84 /* Main.storyboard */; };
		351417AF228CE1A400046A84 /* Assets.xcassets in Resources */ = {isa = PBXBuildFile; fileRef = 351417AE228CE1A400046A84 /* Assets.xcassets */; };
		351417B2228CE1A400046A84 /* LaunchScreen.storyboard in Resources */ = {isa = PBXBuildFile; fileRef = 351417B0228CE1A400046A84 /* LaunchScreen.storyboard */; };
		351417C2228CE26600046A84 /* Images.plist in Resources */ = {isa = PBXBuildFile; fileRef = 351417BA228CE26500046A84 /* Images.plist */; };
		351417C3228CE26600046A84 /* Quotes.plist in Resources */ = {isa = PBXBuildFile; fileRef = 351417BB228CE26500046A84 /* Quotes.plist */; };
		351417C4228CE26600046A84 /* Categories.plist in Resources */ = {isa = PBXBuildFile; fileRef = 351417BC228CE26500046A84 /* Categories.plist */; };
		351417C5228CE26600046A84 /* Image.swift in Sources */ = {isa = PBXBuildFile; fileRef = 351417BE228CE26500046A84 /* Image.swift */; };
		351417C6228CE26600046A84 /* Quote.swift in Sources */ = {isa = PBXBuildFile; fileRef = 351417BF228CE26500046A84 /* Quote.swift */; };
		351417C7228CE26600046A84 /* Category.swift in Sources */ = {isa = PBXBuildFile; fileRef = 351417C0228CE26500046A84 /* Category.swift */; };
		351417C8228CE26600046A84 /* DataRequest.swift in Sources */ = {isa = PBXBuildFile; fileRef = 351417C1228CE26500046A84 /* DataRequest.swift */; };
		351417CA228CE54E00046A84 /* HomeCollectionViewController.swift in Sources */ = {isa = PBXBuildFile; fileRef = 351417C9228CE54E00046A84 /* HomeCollectionViewController.swift */; };
		35E5502C228CE7E700638E45 /* Montserrat-Medium.ttf in Resources */ = {isa = PBXBuildFile; fileRef = 35E55027228CE7E700638E45 /* Montserrat-Medium.ttf */; };
		35E5502D228CE7E700638E45 /* Montserrat-ExtraLight.ttf in Resources */ = {isa = PBXBuildFile; fileRef = 35E55028228CE7E700638E45 /* Montserrat-ExtraLight.ttf */; };
		35E5502E228CE7E700638E45 /* Montserrat-Bold.ttf in Resources */ = {isa = PBXBuildFile; fileRef = 35E55029228CE7E700638E45 /* Montserrat-Bold.ttf */; };
		35E5502F228CE7E700638E45 /* Montserrat-SemiBold.ttf in Resources */ = {isa = PBXBuildFile; fileRef = 35E5502A228CE7E700638E45 /* Montserrat-SemiBold.ttf */; };
		35E55030228CE7E700638E45 /* Montserrat-Regular.ttf in Resources */ = {isa = PBXBuildFile; fileRef = 35E5502B228CE7E700638E45 /* Montserrat-Regular.ttf */; };
/* End PBXBuildFile section */

/* Begin PBXFileReference section */
		351417A4228CE1A300046A84 /* Quotes.app */ = {isa = PBXFileReference; explicitFileType = wrapper.application; includeInIndex = 0; path = Quotes.app; sourceTree = BUILT_PRODUCTS_DIR; };
		351417A7228CE1A300046A84 /* AppDelegate.swift */ = {isa = PBXFileReference; lastKnownFileType = sourcecode.swift; path = AppDelegate.swift; sourceTree = "<group>"; };
		351417AC228CE1A300046A84 /* Base */ = {isa = PBXFileReference; lastKnownFileType = file.storyboard; name = Base; path = Base.lproj/Main.storyboard; sourceTree = "<group>"; };
		351417AE228CE1A400046A84 /* Assets.xcassets */ = {isa = PBXFileReference; lastKnownFileType = folder.assetcatalog; path = Assets.xcassets; sourceTree = "<group>"; };
		351417B1228CE1A400046A84 /* Base */ = {isa = PBXFileReference; lastKnownFileType = file.storyboard; name = Base; path = Base.lproj/LaunchScreen.storyboard; sourceTree = "<group>"; };
		351417B3228CE1A400046A84 /* Info.plist */ = {isa = PBXFileReference; lastKnownFileType = text.plist.xml; path = Info.plist; sourceTree = "<group>"; };
		351417BA228CE26500046A84 /* Images.plist */ = {isa = PBXFileReference; fileEncoding = 4; lastKnownFileType = text.plist.xml; path = Images.plist; sourceTree = "<group>"; };
		351417BB228CE26500046A84 /* Quotes.plist */ = {isa = PBXFileReference; fileEncoding = 4; lastKnownFileType = text.plist.xml; path = Quotes.plist; sourceTree = "<group>"; };
		351417BC228CE26500046A84 /* Categories.plist */ = {isa = PBXFileReference; fileEncoding = 4; lastKnownFileType = text.plist.xml; path = Categories.plist; sourceTree = "<group>"; };
		351417BE228CE26500046A84 /* Image.swift */ = {isa = PBXFileReference; fileEncoding = 4; lastKnownFileType = sourcecode.swift; path = Image.swift; sourceTree = "<group>"; };
		351417BF228CE26500046A84 /* Quote.swift */ = {isa = PBXFileReference; fileEncoding = 4; lastKnownFileType = sourcecode.swift; path = Quote.swift; sourceTree = "<group>"; };
		351417C0228CE26500046A84 /* Category.swift */ = {isa = PBXFileReference; fileEncoding = 4; lastKnownFileType = sourcecode.swift; path = Category.swift; sourceTree = "<group>"; };
		351417C1228CE26500046A84 /* DataRequest.swift */ = {isa = PBXFileReference; fileEncoding = 4; lastKnownFileType = sourcecode.swift; path = DataRequest.swift; sourceTree = "<group>"; };
		351417C9228CE54E00046A84 /* HomeCollectionViewController.swift */ = {isa = PBXFileReference; lastKnownFileType = sourcecode.swift; path = HomeCollectionViewController.swift; sourceTree = "<group>"; };
		35E55027228CE7E700638E45 /* Montserrat-Medium.ttf */ = {isa = PBXFileReference; lastKnownFileType = file; path = "Montserrat-Medium.ttf"; sourceTree = "<group>"; };
		35E55028228CE7E700638E45 /* Montserrat-ExtraLight.ttf */ = {isa = PBXFileReference; lastKnownFileType = file; path = "Montserrat-ExtraLight.ttf"; sourceTree = "<group>"; };
		35E55029228CE7E700638E45 /* Montserrat-Bold.ttf */ = {isa = PBXFileReference; lastKnownFileType = file; path = "Montserrat-Bold.ttf"; sourceTree = "<group>"; };
		35E5502A228CE7E700638E45 /* Montserrat-SemiBold.ttf */ = {isa = PBXFileReference; lastKnownFileType = file; path = "Montserrat-SemiBold.ttf"; sourceTree = "<group>"; };
		35E5502B228CE7E700638E45 /* Montserrat-Regular.ttf */ = {isa = PBXFileReference; lastKnownFileType = file; path = "Montserrat-Regular.ttf"; sourceTree = "<group>"; };
/* End PBXFileReference section */

/* Begin PBXFrameworksBuildPhase section */
		351417A1228CE1A200046A84 /* Frameworks */ = {
			isa = PBXFrameworksBuildPhase;
			buildActionMask = 2147483647;
			files = (
			);
			runOnlyForDeploymentPostprocessing = 0;
		};
/* End PBXFrameworksBuildPhase section */

/* Begin PBXGroup section */
		3514179B228CE1A200046A84 = {
			isa = PBXGroup;
			children = (
				351417A6228CE1A300046A84 /* Quotes */,
				351417A5228CE1A300046A84 /* Products */,
			);
			sourceTree = "<group>";
		};
		351417A5228CE1A300046A84 /* Products */ = {
			isa = PBXGroup;
			children = (
				351417A4228CE1A300046A84 /* Quotes.app */,
			);
			name = Products;
			sourceTree = "<group>";
		};
		351417A6228CE1A300046A84 /* Quotes */ = {
			isa = PBXGroup;
			children = (
				351417B9228CE26500046A84 /* Data */,
				351417BD228CE26500046A84 /* Model */,
				351417A7228CE1A300046A84 /* AppDelegate.swift */,
				351417C9228CE54E00046A84 /* HomeCollectionViewController.swift */,
				351417AB228CE1A300046A84 /* Main.storyboard */,
				35E55026228CE7E700638E45 /* Fonts */,
				351417AE228CE1A400046A84 /* Assets.xcassets */,
				351417B0228CE1A400046A84 /* LaunchScreen.storyboard */,
				351417B3228CE1A400046A84 /* Info.plist */,
			);
			path = Quotes;
			sourceTree = "<group>";
		};
		351417B9228CE26500046A84 /* Data */ = {
			isa = PBXGroup;
			children = (
				351417BA228CE26500046A84 /* Images.plist */,
				351417BB228CE26500046A84 /* Quotes.plist */,
				351417BC228CE26500046A84 /* Categories.plist */,
			);
			path = Data;
			sourceTree = "<group>";
		};
		351417BD228CE26500046A84 /* Model */ = {
			isa = PBXGroup;
			children = (
				351417BE228CE26500046A84 /* Image.swift */,
				351417BF228CE26500046A84 /* Quote.swift */,
				351417C0228CE26500046A84 /* Category.swift */,
				351417C1228CE26500046A84 /* DataRequest.swift */,
			);
			path = Model;
			sourceTree = "<group>";
		};
		35E55026228CE7E700638E45 /* Fonts */ = {
			isa = PBXGroup;
			children = (
				35E55027228CE7E700638E45 /* Montserrat-Medium.ttf */,
				35E55028228CE7E700638E45 /* Montserrat-ExtraLight.ttf */,
				35E55029228CE7E700638E45 /* Montserrat-Bold.ttf */,
				35E5502A228CE7E700638E45 /* Montserrat-SemiBold.ttf */,
				35E5502B228CE7E700638E45 /* Montserrat-Regular.ttf */,
			);
			path = Fonts;
			sourceTree = "<group>";
		};
/* End PBXGroup section */

/* Begin PBXNativeTarget section */
		351417A3228CE1A200046A84 /* Quotes */ = {
			isa = PBXNativeTarget;
			buildConfigurationList = 351417B6228CE1A400046A84 /* Build configuration list for PBXNativeTarget "Quotes" */;
			buildPhases = (
				351417A0228CE1A200046A84 /* Sources */,
				351417A1228CE1A200046A84 /* Frameworks */,
				351417A2228CE1A200046A84 /* Resources */,
			);
			buildRules = (
			);
			dependencies = (
			);
			name = Quotes;
			productName = Quotes;
			productReference = 351417A4228CE1A300046A84 /* Quotes.app */;
			productType = "com.apple.product-type.application";
		};
/* End PBXNativeTarget section */

/* Begin PBXProject section */
		3514179C228CE1A200046A84 /* Project object */ = {
			isa = PBXProject;
			attributes = {
				LastSwiftUpdateCheck = 1020;
				LastUpgradeCheck = 1020;
				ORGANIZATIONNAME = raj;
				TargetAttributes = {
					351417A3228CE1A200046A84 = {
						CreatedOnToolsVersion = 10.2.1;
					};
				};
			};
			buildConfigurationList = 3514179F228CE1A200046A84 /* Build configuration list for PBXProject "Quotes" */;
			compatibilityVersion = "Xcode 9.3";
			developmentRegion = en;
			hasScannedForEncodings = 0;
			knownRegions = (
				en,
				Base,
			);
			mainGroup = 3514179B228CE1A200046A84;
			productRefGroup = 351417A5228CE1A300046A84 /* Products */;
			projectDirPath = "";
			projectRoot = "";
			targets = (
				351417A3228CE1A200046A84 /* Quotes */,
			);
		};
/* End PBXProject section */

/* Begin PBXResourcesBuildPhase section */
		351417A2228CE1A200046A84 /* Resources */ = {
			isa = PBXResourcesBuildPhase;
			buildActionMask = 2147483647;
			files = (
				351417C2228CE26600046A84 /* Images.plist in Resources */,
				35E55030228CE7E700638E45 /* Montserrat-Regular.ttf in Resources */,
				351417B2228CE1A400046A84 /* LaunchScreen.storyboard in Resources */,
				351417AF228CE1A400046A84 /* Assets.xcassets in Resources */,
				35E5502C228CE7E700638E45 /* Montserrat-Medium.ttf in Resources */,
				35E5502F228CE7E700638E45 /* Montserrat-SemiBold.ttf in Resources */,
				351417C3228CE26600046A84 /* Quotes.plist in Resources */,
				35E5502E228CE7E700638E45 /* Montserrat-Bold.ttf in Resources */,
				35E5502D228CE7E700638E45 /* Montserrat-ExtraLight.ttf in Resources */,
				351417C4228CE26600046A84 /* Categories.plist in Resources */,
				351417AD228CE1A300046A84 /* Main.storyboard in Resources */,
			);
			runOnlyForDeploymentPostprocessing = 0;
		};
/* End PBXResourcesBuildPhase section */

/* Begin PBXSourcesBuildPhase section */
		351417A0228CE1A200046A84 /* Sources */ = {
			isa = PBXSourcesBuildPhase;
			buildActionMask = 2147483647;
			files = (
				351417C6228CE26600046A84 /* Quote.swift in Sources */,
				351417C7228CE26600046A84 /* Category.swift in Sources */,
				351417C8228CE26600046A84 /* DataRequest.swift in Sources */,
				351417CA228CE54E00046A84 /* HomeCollectionViewController.swift in Sources */,
				351417C5228CE26600046A84 /* Image.swift in Sources */,
				351417A8228CE1A300046A84 /* AppDelegate.swift in Sources */,
			);
			runOnlyForDeploymentPostprocessing = 0;
		};
/* End PBXSourcesBuildPhase section */

/* Begin PBXVariantGroup section */
		351417AB228CE1A300046A84 /* Main.storyboard */ = {
			isa = PBXVariantGroup;
			children = (
				351417AC228CE1A300046A84 /* Base */,
			);
			name = Main.storyboard;
			sourceTree = "<group>";
		};
		351417B0228CE1A400046A84 /* LaunchScreen.storyboard */ = {
			isa = PBXVariantGroup;
			children = (
				351417B1228CE1A400046A84 /* Base */,
			);
			name = LaunchScreen.storyboard;
			sourceTree = "<group>";
		};
/* End PBXVariantGroup section */

/* Begin XCBuildConfiguration section */
		351417B4228CE1A400046A84 /* Debug */ = {
			isa = XCBuildConfiguration;
			buildSettings = {
				ALWAYS_SEARCH_USER_PATHS = NO;
				CLANG_ANALYZER_NONNULL = YES;
				CLANG_ANALYZER_NUMBER_OBJECT_CONVERSION = YES_AGGRESSIVE;
				CLANG_CXX_LANGUAGE_STANDARD = "gnu++14";
				CLANG_CXX_LIBRARY = "libc++";
				CLANG_ENABLE_MODULES = YES;
				CLANG_ENABLE_OBJC_ARC = YES;
				CLANG_ENABLE_OBJC_WEAK = YES;
				CLANG_WARN_BLOCK_CAPTURE_AUTORELEASING = YES;
				CLANG_WARN_BOOL_CONVERSION = YES;
				CLANG_WARN_COMMA = YES;
				CLANG_WARN_CONSTANT_CONVERSION = YES;
				CLANG_WARN_DEPRECATED_OBJC_IMPLEMENTATIONS = YES;
				CLANG_WARN_DIRECT_OBJC_ISA_USAGE = YES_ERROR;
				CLANG_WARN_DOCUMENTATION_COMMENTS = YES;
				CLANG_WARN_EMPTY_BODY = YES;
				CLANG_WARN_ENUM_CONVERSION = YES;
				CLANG_WARN_INFINITE_RECURSION = YES;
				CLANG_WARN_INT_CONVERSION = YES;
				CLANG_WARN_NON_LITERAL_NULL_CONVERSION = YES;
				CLANG_WARN_OBJC_IMPLICIT_RETAIN_SELF = YES;
				CLANG_WARN_OBJC_LITERAL_CONVERSION = YES;
				CLANG_WARN_OBJC_ROOT_CLASS = YES_ERROR;
				CLANG_WARN_RANGE_LOOP_ANALYSIS = YES;
				CLANG_WARN_STRICT_PROTOTYPES = YES;
				CLANG_WARN_SUSPICIOUS_MOVE = YES;
				CLANG_WARN_UNGUARDED_AVAILABILITY = YES_AGGRESSIVE;
				CLANG_WARN_UNREACHABLE_CODE = YES;
				CLANG_WARN__DUPLICATE_METHOD_MATCH = YES;
				CODE_SIGN_IDENTITY = "iPhone Developer";
				COPY_PHASE_STRIP = NO;
				DEBUG_INFORMATION_FORMAT = dwarf;
				ENABLE_STRICT_OBJC_MSGSEND = YES;
				ENABLE_TESTABILITY = YES;
				GCC_C_LANGUAGE_STANDARD = gnu11;
				GCC_DYNAMIC_NO_PIC = NO;
				GCC_NO_COMMON_BLOCKS = YES;
				GCC_OPTIMIZATION_LEVEL = 0;
				GCC_PREPROCESSOR_DEFINITIONS = (
					"DEBUG=1",
					"$(inherited)",
				);
				GCC_WARN_64_TO_32_BIT_CONVERSION = YES;
				GCC_WARN_ABOUT_RETURN_TYPE = YES_ERROR;
				GCC_WARN_UNDECLARED_SELECTOR = YES;
				GCC_WARN_UNINITIALIZED_AUTOS = YES_AGGRESSIVE;
				GCC_WARN_UNUSED_FUNCTION = YES;
				GCC_WARN_UNUSED_VARIABLE = YES;
				IPHONEOS_DEPLOYMENT_TARGET = 12.2;
				MTL_ENABLE_DEBUG_INFO = INCLUDE_SOURCE;
				MTL_FAST_MATH = YES;
				ONLY_ACTIVE_ARCH = YES;
				SDKROOT = iphoneos;
				SWIFT_ACTIVE_COMPILATION_CONDITIONS = DEBUG;
				SWIFT_OPTIMIZATION_LEVEL = "-Onone";
			};
			name = Debug;
		};
		351417B5228CE1A400046A84 /* Release */ = {
			isa = XCBuildConfiguration;
			buildSettings = {
				ALWAYS_SEARCH_USER_PATHS = NO;
				CLANG_ANALYZER_NONNULL = YES;
				CLANG_ANALYZER_NUMBER_OBJECT_CONVERSION = YES_AGGRESSIVE;
				CLANG_CXX_LANGUAGE_STANDARD = "gnu++14";
				CLANG_CXX_LIBRARY = "libc++";
				CLANG_ENABLE_MODULES = YES;
				CLANG_ENABLE_OBJC_ARC = YES;
				CLANG_ENABLE_OBJC_WEAK = YES;
				CLANG_WARN_BLOCK_CAPTURE_AUTORELEASING = YES;
				CLANG_WARN_BOOL_CONVERSION = YES;
				CLANG_WARN_COMMA = YES;
				CLANG_WARN_CONSTANT_CONVERSION = YES;
				CLANG_WARN_DEPRECATED_OBJC_IMPLEMENTATIONS = YES;
				CLANG_WARN_DIRECT_OBJC_ISA_USAGE = YES_ERROR;
				CLANG_WARN_DOCUMENTATION_COMMENTS = YES;
				CLANG_WARN_EMPTY_BODY = YES;
				CLANG_WARN_ENUM_CONVERSION = YES;
				CLANG_WARN_INFINITE_RECURSION = YES;
				CLANG_WARN_INT_CONVERSION = YES;
				CLANG_WARN_NON_LITERAL_NULL_CONVERSION = YES;
				CLANG_WARN_OBJC_IMPLICIT_RETAIN_SELF = YES;
				CLANG_WARN_OBJC_LITERAL_CONVERSION = YES;
				CLANG_WARN_OBJC_ROOT_CLASS = YES_ERROR;
				CLANG_WARN_RANGE_LOOP_ANALYSIS = YES;
				CLANG_WARN_STRICT_PROTOTYPES = YES;
				CLANG_WARN_SUSPICIOUS_MOVE = YES;
				CLANG_WARN_UNGUARDED_AVAILABILITY = YES_AGGRESSIVE;
				CLANG_WARN_UNREACHABLE_CODE = YES;
				CLANG_WARN__DUPLICATE_METHOD_MATCH = YES;
				CODE_SIGN_IDENTITY = "iPhone Developer";
				COPY_PHASE_STRIP = NO;
				DEBUG_INFORMATION_FORMAT = "dwarf-with-dsym";
				ENABLE_NS_ASSERTIONS = NO;
				ENABLE_STRICT_OBJC_MSGSEND = YES;
				GCC_C_LANGUAGE_STANDARD = gnu11;
				GCC_NO_COMMON_BLOCKS = YES;
				GCC_WARN_64_TO_32_BIT_CONVERSION = YES;
				GCC_WARN_ABOUT_RETURN_TYPE = YES_ERROR;
				GCC_WARN_UNDECLARED_SELECTOR = YES;
				GCC_WARN_UNINITIALIZED_AUTOS = YES_AGGRESSIVE;
				GCC_WARN_UNUSED_FUNCTION = YES;
				GCC_WARN_UNUSED_VARIABLE = YES;
				IPHONEOS_DEPLOYMENT_TARGET = 12.2;
				MTL_ENABLE_DEBUG_INFO = NO;
				MTL_FAST_MATH = YES;
				SDKROOT = iphoneos;
				SWIFT_COMPILATION_MODE = wholemodule;
				SWIFT_OPTIMIZATION_LEVEL = "-O";
				VALIDATE_PRODUCT = YES;
			};
			name = Release;
		};
		351417B7228CE1A400046A84 /* Debug */ = {
			isa = XCBuildConfiguration;
			buildSettings = {
				ASSETCATALOG_COMPILER_APPICON_NAME = AppIcon;
				CODE_SIGN_STYLE = Automatic;
				INFOPLIST_FILE = Quotes/Info.plist;
				LD_RUNPATH_SEARCH_PATHS = (
					"$(inherited)",
					"@executable_path/Frameworks",
				);
				PRODUCT_BUNDLE_IDENTIFIER = thesarus.Quotes;
				PRODUCT_NAME = "$(TARGET_NAME)";
				SWIFT_VERSION = 5.0;
				TARGETED_DEVICE_FAMILY = "1,2";
			};
			name = Debug;
		};
		351417B8228CE1A400046A84 /* Release */ = {
			isa = XCBuildConfiguration;
			buildSettings = {
				ASSETCATALOG_COMPILER_APPICON_NAME = AppIcon;
				CODE_SIGN_STYLE = Automatic;
				INFOPLIST_FILE = Quotes/Info.plist;
				LD_RUNPATH_SEARCH_PATHS = (
					"$(inherited)",
					"@executable_path/Frameworks",
				);
				PRODUCT_BUNDLE_IDENTIFIER = thesarus.Quotes;
				PRODUCT_NAME = "$(TARGET_NAME)";
				SWIFT_VERSION = 5.0;
				TARGETED_DEVICE_FAMILY = "1,2";
			};
			name = Release;
		};
/* End XCBuildConfiguration section */

/* Begin XCConfigurationList section */
		3514179F228CE1A200046A84 /* Build configuration list for PBXProject "Quotes" */ = {
			isa = XCConfigurationList;
			buildConfigurations = (
				351417B4228CE1A400046A84 /* Debug */,
				351417B5228CE1A400046A84 /* Release */,
			);
			defaultConfigurationIsVisible = 0;
			defaultConfigurationName = Release;
		};
		351417B6228CE1A400046A84 /* Build configuration list for PBXNativeTarget "Quotes" */ = {
			isa = XCConfigurationList;
			buildConfigurations = (
				351417B7228CE1A400046A84 /* Debug */,
				351417B8228CE1A400046A84 /* Release */,
			);
			defaultConfigurationIsVisible = 0;
			defaultConfigurationName = Release;
		};
/* End XCConfigurationList section */
	};
	rootObject = 3514179C228CE1A200046A84 /* Project object */;
}
